// !$*UTF8*$!
{
	archiveVersion = 1;
	classes = {
	};
	objectVersion = 77;
	objects = {

/* Begin PBXBuildFile section */
		E5190FB72DB9572200FE7974 /* SnapKit in Frameworks */ = {isa = PBXBuildFile; productRef = E5190FB62DB9572200FE7974 /* SnapKit */; };
		E5190FD62DB957F400FE7974 /* LaunchScreen.storyboard in Resources */ = {isa = PBXBuildFile; fileRef = E5190FCF2DB957F400FE7974 /* LaunchScreen.storyboard */; };
		E5190FD72DB957F400FE7974 /* Assets.xcassets in Resources */ = {isa = PBXBuildFile; fileRef = E5190FD22DB957F400FE7974 /* Assets.xcassets */; };
		E5190FD92DB957F400FE7974 /* AppDelegate.swift in Sources */ = {isa = PBXBuildFile; fileRef = E5190FCD2DB957F400FE7974 /* AppDelegate.swift */; };
		E5190FDA2DB957F400FE7974 /* SceneDelegate.swift in Sources */ = {isa = PBXBuildFile; fileRef = E5190FD02DB957F400FE7974 /* SceneDelegate.swift */; };
		E5190FDB2DB957F400FE7974 /* LoginViewController.swift in Sources */ = {isa = PBXBuildFile; fileRef = E5190FD42DB957F400FE7974 /* LoginViewController.swift */; };
		E5190FE72DB95A9300FE7974 /* UIColor+.swift in Sources */ = {isa = PBXBuildFile; fileRef = E5190FE62DB95A9300FE7974 /* UIColor+.swift */; };
		E5190FED2DB95D8F00FE7974 /* BoxButton.swift in Sources */ = {isa = PBXBuildFile; fileRef = E5190FEC2DB95D8F00FE7974 /* BoxButton.swift */; };
		E5190FEF2DB960EB00FE7974 /* TextButton.swift in Sources */ = {isa = PBXBuildFile; fileRef = E5190FEE2DB960EB00FE7974 /* TextButton.swift */; };
		E5190FF22DB9635200FE7974 /* AppButtonProtocol.swift in Sources */ = {isa = PBXBuildFile; fileRef = E5190FF12DB9635200FE7974 /* AppButtonProtocol.swift */; };
		E5190FF42DB9663A00FE7974 /* BaseUIViewController.swift in Sources */ = {isa = PBXBuildFile; fileRef = E5190FF32DB9663A00FE7974 /* BaseUIViewController.swift */; };
		E5190FF62DB96B5100FE7974 /* HorizontalStackView.swift in Sources */ = {isa = PBXBuildFile; fileRef = E5190FF52DB96B5100FE7974 /* HorizontalStackView.swift */; };
		E5190FF82DB96EA600FE7974 /* TextField.swift in Sources */ = {isa = PBXBuildFile; fileRef = E5190FF72DB96EA600FE7974 /* TextField.swift */; };
		E5190FFA2DB96EE900FE7974 /* UITextField+.swift in Sources */ = {isa = PBXBuildFile; fileRef = E5190FF92DB96EE900FE7974 /* UITextField+.swift */; };
		E5190FFD2DB973DF00FE7974 /* Then in Frameworks */ = {isa = PBXBuildFile; productRef = E5190FFC2DB973DF00FE7974 /* Then */; };
		E5190FFF2DB9CA7600FE7974 /* ImageLiterals.swift in Sources */ = {isa = PBXBuildFile; fileRef = E5190FFE2DB9CA7600FE7974 /* ImageLiterals.swift */; };
		E51910012DB9D1C200FE7974 /* UIViewController+.swift in Sources */ = {isa = PBXBuildFile; fileRef = E51910002DB9D1C200FE7974 /* UIViewController+.swift */; };
		E51910032DB9DF9400FE7974 /* ValidationType.swift in Sources */ = {isa = PBXBuildFile; fileRef = E51910022DB9DF9400FE7974 /* ValidationType.swift */; };
		E51910062DB9DFF100FE7974 /* AppTextFieldProtocol.swift in Sources */ = {isa = PBXBuildFile; fileRef = E51910052DB9DFF100FE7974 /* AppTextFieldProtocol.swift */; };
		E51910082DB9E62F00FE7974 /* WelcomeViewController.swift in Sources */ = {isa = PBXBuildFile; fileRef = E51910072DB9E62F00FE7974 /* WelcomeViewController.swift */; };
		E519100A2DB9E84900FE7974 /* SetNickNameViewController.swift in Sources */ = {isa = PBXBuildFile; fileRef = E51910092DB9E84900FE7974 /* SetNickNameViewController.swift */; };
		E51910212DBA3B8B00FE7974 /* UIFont+.swift in Sources */ = {isa = PBXBuildFile; fileRef = E51910202DBA3B8A00FE7974 /* UIFont+.swift */; };
		E51910252DBA3F1400FE7974 /* Pretendard-Black.otf in Resources */ = {isa = PBXBuildFile; fileRef = E51910242DBA3F1400FE7974 /* Pretendard-Black.otf */; };
		E51910272DBA3F1A00FE7974 /* Pretendard-Bold.otf in Resources */ = {isa = PBXBuildFile; fileRef = E51910262DBA3F1A00FE7974 /* Pretendard-Bold.otf */; };
		E51910292DBA3F1E00FE7974 /* Pretendard-ExtraBold.otf in Resources */ = {isa = PBXBuildFile; fileRef = E51910282DBA3F1E00FE7974 /* Pretendard-ExtraBold.otf */; };
		E519102B2DBA3F2400FE7974 /* Pretendard-ExtraLight.otf in Resources */ = {isa = PBXBuildFile; fileRef = E519102A2DBA3F2400FE7974 /* Pretendard-ExtraLight.otf */; };
		E519102D2DBA3F2800FE7974 /* Pretendard-Light.otf in Resources */ = {isa = PBXBuildFile; fileRef = E519102C2DBA3F2800FE7974 /* Pretendard-Light.otf */; };
		E519102F2DBA3F2C00FE7974 /* Pretendard-Medium.otf in Resources */ = {isa = PBXBuildFile; fileRef = E519102E2DBA3F2C00FE7974 /* Pretendard-Medium.otf */; };
		E554C9762DD0FDE1002CF37B /* MovieListDTO.swift in Sources */ = {isa = PBXBuildFile; fileRef = E554C9752DD0FDE1002CF37B /* MovieListDTO.swift */; };
		E554C9782DD0FDEF002CF37B /* MovieListService.swift in Sources */ = {isa = PBXBuildFile; fileRef = E554C9772DD0FDEF002CF37B /* MovieListService.swift */; };
		E554C97A2DD0FF26002CF37B /* NetworkError.swift in Sources */ = {isa = PBXBuildFile; fileRef = E554C9792DD0FF26002CF37B /* NetworkError.swift */; };
		E56DC4992DBB5C150087DDA6 /* .swiftlint.yml in Resources */ = {isa = PBXBuildFile; fileRef = E56DC4982DBB5C150087DDA6 /* .swiftlint.yml */; };
		E56DC51A2DC29CE90087DDA6 /* AppHomeViewController.swift in Sources */ = {isa = PBXBuildFile; fileRef = E56DC5192DC29CE90087DDA6 /* AppHomeViewController.swift */; };
		E56DC51C2DC29D020087DDA6 /* HomeView.swift in Sources */ = {isa = PBXBuildFile; fileRef = E56DC51B2DC29D020087DDA6 /* HomeView.swift */; };
		E56DC51E2DC29D100087DDA6 /* HomeModel.swift in Sources */ = {isa = PBXBuildFile; fileRef = E56DC51D2DC29D100087DDA6 /* HomeModel.swift */; };
		E56DC5202DC29D480087DDA6 /* UIView+.swift in Sources */ = {isa = PBXBuildFile; fileRef = E56DC51F2DC29D480087DDA6 /* UIView+.swift */; };
		E56DC5222DC29D690087DDA6 /* BaseUIView.swift in Sources */ = {isa = PBXBuildFile; fileRef = E56DC5212DC29D690087DDA6 /* BaseUIView.swift */; };
		E56DC5242DC2A0A20087DDA6 /* CategoryTabBar.swift in Sources */ = {isa = PBXBuildFile; fileRef = E56DC5232DC2A0A20087DDA6 /* CategoryTabBar.swift */; };
		E56DC5262DC2A6A60087DDA6 /* HomeViewController.swift in Sources */ = {isa = PBXBuildFile; fileRef = E56DC5252DC2A6A60087DDA6 /* HomeViewController.swift */; };
		E56DC52B2DC2BC220087DDA6 /* HomeSection.swift in Sources */ = {isa = PBXBuildFile; fileRef = E56DC52A2DC2BC220087DDA6 /* HomeSection.swift */; };
		E56DC52E2DC2C1530087DDA6 /* LiveChannelCell.swift in Sources */ = {isa = PBXBuildFile; fileRef = E56DC52D2DC2C1530087DDA6 /* LiveChannelCell.swift */; };
		E56DC5302DC2C47A0087DDA6 /* ImageCollectionViewCell.swift in Sources */ = {isa = PBXBuildFile; fileRef = E56DC52F2DC2C47A0087DDA6 /* ImageCollectionViewCell.swift */; };
		E56DC5322DC2C7DF0087DDA6 /* TodayTop20Cell.swift in Sources */ = {isa = PBXBuildFile; fileRef = E56DC5312DC2C7DF0087DDA6 /* TodayTop20Cell.swift */; };
		E56DC5342DC2D2890087DDA6 /* UICollectionView+.swift in Sources */ = {isa = PBXBuildFile; fileRef = E56DC5332DC2D2890087DDA6 /* UICollectionView+.swift */; };
		E5B4FFA22DC4C65F00012BB0 /* HomeSectionLayoutProvider.swift in Sources */ = {isa = PBXBuildFile; fileRef = E5B4FFA12DC4C65F00012BB0 /* HomeSectionLayoutProvider.swift */; };
		E5B4FFA42DC4C6C100012BB0 /* SupplementaryViewFactory.swift in Sources */ = {isa = PBXBuildFile; fileRef = E5B4FFA32DC4C6C100012BB0 /* SupplementaryViewFactory.swift */; };
		E5B4FFA62DC4C6DB00012BB0 /* HomeCellFactory.swift in Sources */ = {isa = PBXBuildFile; fileRef = E5B4FFA52DC4C6DB00012BB0 /* HomeCellFactory.swift */; };
		E5B4FFAB2DC503D700012BB0 /* IndicatorView.swift in Sources */ = {isa = PBXBuildFile; fileRef = E5B4FFAA2DC503D700012BB0 /* IndicatorView.swift */; };
		E5BEF2032DC4959A00EACBFD /* SectionHeaderView.swift in Sources */ = {isa = PBXBuildFile; fileRef = E5BEF2022DC4959A00EACBFD /* SectionHeaderView.swift */; };
		E5BEF2052DC495BD00EACBFD /* FooterView.swift in Sources */ = {isa = PBXBuildFile; fileRef = E5BEF2042DC495BD00EACBFD /* FooterView.swift */; };
/* End PBXBuildFile section */

/* Begin PBXFileReference section */
		E5190FCD2DB957F400FE7974 /* AppDelegate.swift */ = {isa = PBXFileReference; lastKnownFileType = sourcecode.swift; path = AppDelegate.swift; sourceTree = "<group>"; };
		E5190FCE2DB957F400FE7974 /* Base */ = {isa = PBXFileReference; lastKnownFileType = file.storyboard; name = Base; path = Base.lproj/LaunchScreen.storyboard; sourceTree = "<group>"; };
		E5190FD02DB957F400FE7974 /* SceneDelegate.swift */ = {isa = PBXFileReference; lastKnownFileType = sourcecode.swift; path = SceneDelegate.swift; sourceTree = "<group>"; };
		E5190FD22DB957F400FE7974 /* Assets.xcassets */ = {isa = PBXFileReference; lastKnownFileType = folder.assetcatalog; path = Assets.xcassets; sourceTree = "<group>"; };
		E5190FD32DB957F400FE7974 /* Info.plist */ = {isa = PBXFileReference; lastKnownFileType = text.plist.xml; path = Info.plist; sourceTree = "<group>"; };
		E5190FD42DB957F400FE7974 /* LoginViewController.swift */ = {isa = PBXFileReference; lastKnownFileType = sourcecode.swift; path = LoginViewController.swift; sourceTree = "<group>"; };
		E5190FE62DB95A9300FE7974 /* UIColor+.swift */ = {isa = PBXFileReference; lastKnownFileType = sourcecode.swift; path = "UIColor+.swift"; sourceTree = "<group>"; };
		E5190FEC2DB95D8F00FE7974 /* BoxButton.swift */ = {isa = PBXFileReference; lastKnownFileType = sourcecode.swift; path = BoxButton.swift; sourceTree = "<group>"; };
		E5190FEE2DB960EB00FE7974 /* TextButton.swift */ = {isa = PBXFileReference; lastKnownFileType = sourcecode.swift; path = TextButton.swift; sourceTree = "<group>"; };
		E5190FF12DB9635200FE7974 /* AppButtonProtocol.swift */ = {isa = PBXFileReference; lastKnownFileType = sourcecode.swift; path = AppButtonProtocol.swift; sourceTree = "<group>"; };
		E5190FF32DB9663A00FE7974 /* BaseUIViewController.swift */ = {isa = PBXFileReference; lastKnownFileType = sourcecode.swift; path = BaseUIViewController.swift; sourceTree = "<group>"; };
		E5190FF52DB96B5100FE7974 /* HorizontalStackView.swift */ = {isa = PBXFileReference; lastKnownFileType = sourcecode.swift; path = HorizontalStackView.swift; sourceTree = "<group>"; };
		E5190FF72DB96EA600FE7974 /* TextField.swift */ = {isa = PBXFileReference; lastKnownFileType = sourcecode.swift; path = TextField.swift; sourceTree = "<group>"; };
		E5190FF92DB96EE900FE7974 /* UITextField+.swift */ = {isa = PBXFileReference; lastKnownFileType = sourcecode.swift; path = "UITextField+.swift"; sourceTree = "<group>"; };
		E5190FFE2DB9CA7600FE7974 /* ImageLiterals.swift */ = {isa = PBXFileReference; lastKnownFileType = sourcecode.swift; path = ImageLiterals.swift; sourceTree = "<group>"; };
		E51910002DB9D1C200FE7974 /* UIViewController+.swift */ = {isa = PBXFileReference; lastKnownFileType = sourcecode.swift; path = "UIViewController+.swift"; sourceTree = "<group>"; };
		E51910022DB9DF9400FE7974 /* ValidationType.swift */ = {isa = PBXFileReference; lastKnownFileType = sourcecode.swift; path = ValidationType.swift; sourceTree = "<group>"; };
		E51910052DB9DFF100FE7974 /* AppTextFieldProtocol.swift */ = {isa = PBXFileReference; lastKnownFileType = sourcecode.swift; path = AppTextFieldProtocol.swift; sourceTree = "<group>"; };
		E51910072DB9E62F00FE7974 /* WelcomeViewController.swift */ = {isa = PBXFileReference; lastKnownFileType = sourcecode.swift; path = WelcomeViewController.swift; sourceTree = "<group>"; };
		E51910092DB9E84900FE7974 /* SetNickNameViewController.swift */ = {isa = PBXFileReference; lastKnownFileType = sourcecode.swift; path = SetNickNameViewController.swift; sourceTree = "<group>"; };
		E51910202DBA3B8A00FE7974 /* UIFont+.swift */ = {isa = PBXFileReference; lastKnownFileType = sourcecode.swift; path = "UIFont+.swift"; sourceTree = "<group>"; };
		E51910242DBA3F1400FE7974 /* Pretendard-Black.otf */ = {isa = PBXFileReference; lastKnownFileType = file; path = "Pretendard-Black.otf"; sourceTree = "<group>"; };
		E51910262DBA3F1A00FE7974 /* Pretendard-Bold.otf */ = {isa = PBXFileReference; lastKnownFileType = file; path = "Pretendard-Bold.otf"; sourceTree = "<group>"; };
		E51910282DBA3F1E00FE7974 /* Pretendard-ExtraBold.otf */ = {isa = PBXFileReference; lastKnownFileType = file; path = "Pretendard-ExtraBold.otf"; sourceTree = "<group>"; };
		E519102A2DBA3F2400FE7974 /* Pretendard-ExtraLight.otf */ = {isa = PBXFileReference; lastKnownFileType = file; path = "Pretendard-ExtraLight.otf"; sourceTree = "<group>"; };
		E519102C2DBA3F2800FE7974 /* Pretendard-Light.otf */ = {isa = PBXFileReference; lastKnownFileType = file; path = "Pretendard-Light.otf"; sourceTree = "<group>"; };
		E519102E2DBA3F2C00FE7974 /* Pretendard-Medium.otf */ = {isa = PBXFileReference; lastKnownFileType = file; path = "Pretendard-Medium.otf"; sourceTree = "<group>"; };
		E53771662DB94F8E00E932D0 /* TVING_Clone.app */ = {isa = PBXFileReference; explicitFileType = wrapper.application; includeInIndex = 0; path = TVING_Clone.app; sourceTree = BUILT_PRODUCTS_DIR; };
		E554C9752DD0FDE1002CF37B /* MovieListDTO.swift */ = {isa = PBXFileReference; lastKnownFileType = sourcecode.swift; path = MovieListDTO.swift; sourceTree = "<group>"; };
		E554C9772DD0FDEF002CF37B /* MovieListService.swift */ = {isa = PBXFileReference; lastKnownFileType = sourcecode.swift; path = MovieListService.swift; sourceTree = "<group>"; };
		E554C9792DD0FF26002CF37B /* NetworkError.swift */ = {isa = PBXFileReference; lastKnownFileType = sourcecode.swift; path = NetworkError.swift; sourceTree = "<group>"; };
		E56DC4982DBB5C150087DDA6 /* .swiftlint.yml */ = {isa = PBXFileReference; lastKnownFileType = text.yaml; path = .swiftlint.yml; sourceTree = "<group>"; };
		E56DC5192DC29CE90087DDA6 /* AppHomeViewController.swift */ = {isa = PBXFileReference; lastKnownFileType = sourcecode.swift; path = AppHomeViewController.swift; sourceTree = "<group>"; };
		E56DC51B2DC29D020087DDA6 /* HomeView.swift */ = {isa = PBXFileReference; lastKnownFileType = sourcecode.swift; path = HomeView.swift; sourceTree = "<group>"; };
		E56DC51D2DC29D100087DDA6 /* HomeModel.swift */ = {isa = PBXFileReference; lastKnownFileType = sourcecode.swift; path = HomeModel.swift; sourceTree = "<group>"; };
		E56DC51F2DC29D480087DDA6 /* UIView+.swift */ = {isa = PBXFileReference; lastKnownFileType = sourcecode.swift; path = "UIView+.swift"; sourceTree = "<group>"; };
		E56DC5212DC29D690087DDA6 /* BaseUIView.swift */ = {isa = PBXFileReference; lastKnownFileType = sourcecode.swift; path = BaseUIView.swift; sourceTree = "<group>"; };
		E56DC5232DC2A0A20087DDA6 /* CategoryTabBar.swift */ = {isa = PBXFileReference; lastKnownFileType = sourcecode.swift; path = CategoryTabBar.swift; sourceTree = "<group>"; };
		E56DC5252DC2A6A60087DDA6 /* HomeViewController.swift */ = {isa = PBXFileReference; lastKnownFileType = sourcecode.swift; path = HomeViewController.swift; sourceTree = "<group>"; };
		E56DC52A2DC2BC220087DDA6 /* HomeSection.swift */ = {isa = PBXFileReference; lastKnownFileType = sourcecode.swift; path = HomeSection.swift; sourceTree = "<group>"; };
		E56DC52D2DC2C1530087DDA6 /* LiveChannelCell.swift */ = {isa = PBXFileReference; lastKnownFileType = sourcecode.swift; path = LiveChannelCell.swift; sourceTree = "<group>"; };
		E56DC52F2DC2C47A0087DDA6 /* ImageCollectionViewCell.swift */ = {isa = PBXFileReference; lastKnownFileType = sourcecode.swift; path = ImageCollectionViewCell.swift; sourceTree = "<group>"; };
		E56DC5312DC2C7DF0087DDA6 /* TodayTop20Cell.swift */ = {isa = PBXFileReference; lastKnownFileType = sourcecode.swift; path = TodayTop20Cell.swift; sourceTree = "<group>"; };
		E56DC5332DC2D2890087DDA6 /* UICollectionView+.swift */ = {isa = PBXFileReference; lastKnownFileType = sourcecode.swift; path = "UICollectionView+.swift"; sourceTree = "<group>"; };
		E5B4FFA12DC4C65F00012BB0 /* HomeSectionLayoutProvider.swift */ = {isa = PBXFileReference; lastKnownFileType = sourcecode.swift; path = HomeSectionLayoutProvider.swift; sourceTree = "<group>"; };
		E5B4FFA32DC4C6C100012BB0 /* SupplementaryViewFactory.swift */ = {isa = PBXFileReference; lastKnownFileType = sourcecode.swift; path = SupplementaryViewFactory.swift; sourceTree = "<group>"; };
		E5B4FFA52DC4C6DB00012BB0 /* HomeCellFactory.swift */ = {isa = PBXFileReference; lastKnownFileType = sourcecode.swift; path = HomeCellFactory.swift; sourceTree = "<group>"; };
		E5B4FFAA2DC503D700012BB0 /* IndicatorView.swift */ = {isa = PBXFileReference; lastKnownFileType = sourcecode.swift; path = IndicatorView.swift; sourceTree = "<group>"; };
		E5BEF2022DC4959A00EACBFD /* SectionHeaderView.swift */ = {isa = PBXFileReference; lastKnownFileType = sourcecode.swift; path = SectionHeaderView.swift; sourceTree = "<group>"; };
		E5BEF2042DC495BD00EACBFD /* FooterView.swift */ = {isa = PBXFileReference; lastKnownFileType = sourcecode.swift; path = FooterView.swift; sourceTree = "<group>"; };
/* End PBXFileReference section */

/* Begin PBXFrameworksBuildPhase section */
		E53771632DB94F8E00E932D0 /* Frameworks */ = {
			isa = PBXFrameworksBuildPhase;
			buildActionMask = 2147483647;
			files = (
				E5190FB72DB9572200FE7974 /* SnapKit in Frameworks */,
				E5190FFD2DB973DF00FE7974 /* Then in Frameworks */,
			);
			runOnlyForDeploymentPostprocessing = 0;
		};
/* End PBXFrameworksBuildPhase section */

/* Begin PBXGroup section */
		E5190FD12DB957F400FE7974 /* Application */ = {
			isa = PBXGroup;
			children = (
				E5190FCD2DB957F400FE7974 /* AppDelegate.swift */,
				E5190FCF2DB957F400FE7974 /* LaunchScreen.storyboard */,
				E5190FD02DB957F400FE7974 /* SceneDelegate.swift */,
			);
			path = Application;
			sourceTree = "<group>";
		};
		E5190FD52DB957F400FE7974 /* TVING_Clone */ = {
			isa = PBXGroup;
			children = (
				E554C9722DD0FCC1002CF37B /* Network */,
				E5190FD12DB957F400FE7974 /* Application */,
				E5190FDD2DB9581A00FE7974 /* Feature */,
				E5190FDC2DB9580B00FE7974 /* Global */,
				E5190FD32DB957F400FE7974 /* Info.plist */,
				E56DC4982DBB5C150087DDA6 /* .swiftlint.yml */,
			);
			path = TVING_Clone;
			sourceTree = "<group>";
		};
		E5190FDC2DB9580B00FE7974 /* Global */ = {
			isa = PBXGroup;
			children = (
				E5190FE52DB95A8200FE7974 /* Extension */,
				E5190FE12DB9594100FE7974 /* Base */,
				E5190FE22DB9594900FE7974 /* Component */,
				E5190FDE2DB9583F00FE7974 /* Resources */,
				E5190FDF2DB9584F00FE7974 /* Literals */,
			);
			path = Global;
			sourceTree = "<group>";
		};
		E5190FDD2DB9581A00FE7974 /* Feature */ = {
			isa = PBXGroup;
			children = (
				E51910072DB9E62F00FE7974 /* WelcomeViewController.swift */,
				E5B4FFA92DC4CBD400012BB0 /* SetNickname */,
				E5B4FFA82DC4CBBD00012BB0 /* Login */,
				E56DC5152DC29CBA0087DDA6 /* Home */,
			);
			path = Feature;
			sourceTree = "<group>";
		};
		E5190FDE2DB9583F00FE7974 /* Resources */ = {
			isa = PBXGroup;
			children = (
				E519100D2DBA3B4B00FE7974 /* Font */,
				E5190FD22DB957F400FE7974 /* Assets.xcassets */,
			);
			path = Resources;
			sourceTree = "<group>";
		};
		E5190FDF2DB9584F00FE7974 /* Literals */ = {
			isa = PBXGroup;
			children = (
				E5190FFE2DB9CA7600FE7974 /* ImageLiterals.swift */,
			);
			path = Literals;
			sourceTree = "<group>";
		};
		E5190FE12DB9594100FE7974 /* Base */ = {
			isa = PBXGroup;
			children = (
				E5190FF32DB9663A00FE7974 /* BaseUIViewController.swift */,
				E56DC5212DC29D690087DDA6 /* BaseUIView.swift */,
			);
			path = Base;
			sourceTree = "<group>";
		};
		E5190FE22DB9594900FE7974 /* Component */ = {
			isa = PBXGroup;
			children = (
				E5190FF52DB96B5100FE7974 /* HorizontalStackView.swift */,
				E56DC5232DC2A0A20087DDA6 /* CategoryTabBar.swift */,
				E5190FF02DB9633700FE7974 /* Button */,
				E51910042DB9DFAB00FE7974 /* TextField */,
			);
			path = Component;
			sourceTree = "<group>";
		};
		E5190FE52DB95A8200FE7974 /* Extension */ = {
			isa = PBXGroup;
			children = (
				E5190FE62DB95A9300FE7974 /* UIColor+.swift */,
				E5190FF92DB96EE900FE7974 /* UITextField+.swift */,
				E51910002DB9D1C200FE7974 /* UIViewController+.swift */,
				E51910202DBA3B8A00FE7974 /* UIFont+.swift */,
				E56DC51F2DC29D480087DDA6 /* UIView+.swift */,
				E56DC5332DC2D2890087DDA6 /* UICollectionView+.swift */,
			);
			path = Extension;
			sourceTree = "<group>";
		};
		E5190FF02DB9633700FE7974 /* Button */ = {
			isa = PBXGroup;
			children = (
				E5190FF12DB9635200FE7974 /* AppButtonProtocol.swift */,
				E5190FEC2DB95D8F00FE7974 /* BoxButton.swift */,
				E5190FEE2DB960EB00FE7974 /* TextButton.swift */,
			);
			path = Button;
			sourceTree = "<group>";
		};
		E51910042DB9DFAB00FE7974 /* TextField */ = {
			isa = PBXGroup;
			children = (
				E51910052DB9DFF100FE7974 /* AppTextFieldProtocol.swift */,
				E51910022DB9DF9400FE7974 /* ValidationType.swift */,
				E5190FF72DB96EA600FE7974 /* TextField.swift */,
			);
			path = TextField;
			sourceTree = "<group>";
		};
		E519100D2DBA3B4B00FE7974 /* Font */ = {
			isa = PBXGroup;
			children = (
				E51910242DBA3F1400FE7974 /* Pretendard-Black.otf */,
				E51910262DBA3F1A00FE7974 /* Pretendard-Bold.otf */,
				E51910282DBA3F1E00FE7974 /* Pretendard-ExtraBold.otf */,
				E519102A2DBA3F2400FE7974 /* Pretendard-ExtraLight.otf */,
				E519102C2DBA3F2800FE7974 /* Pretendard-Light.otf */,
				E519102E2DBA3F2C00FE7974 /* Pretendard-Medium.otf */,
			);
			path = Font;
			sourceTree = "<group>";
		};
		E537715D2DB94F8E00E932D0 = {
			isa = PBXGroup;
			children = (
				E5190FD52DB957F400FE7974 /* TVING_Clone */,
				E53771672DB94F8E00E932D0 /* Products */,
			);
			sourceTree = "<group>";
		};
		E53771672DB94F8E00E932D0 /* Products */ = {
			isa = PBXGroup;
			children = (
				E53771662DB94F8E00E932D0 /* TVING_Clone.app */,
			);
			name = Products;
			sourceTree = "<group>";
		};
		E554C9722DD0FCC1002CF37B /* Network */ = {
			isa = PBXGroup;
			children = (
				E554C9732DD0FCC8002CF37B /* Services */,
				E554C9742DD0FDC9002CF37B /* DTO */,
				E554C9792DD0FF26002CF37B /* NetworkError.swift */,
			);
			path = Network;
			sourceTree = "<group>";
		};
		E554C9732DD0FCC8002CF37B /* Services */ = {
			isa = PBXGroup;
			children = (
				E554C9772DD0FDEF002CF37B /* MovieListService.swift */,
			);
			path = Services;
			sourceTree = "<group>";
		};
		E554C9742DD0FDC9002CF37B /* DTO */ = {
			isa = PBXGroup;
			children = (
				E554C9752DD0FDE1002CF37B /* MovieListDTO.swift */,
			);
			path = DTO;
			sourceTree = "<group>";
		};
		E56DC5152DC29CBA0087DDA6 /* Home */ = {
			isa = PBXGroup;
			children = (
				E56DC5192DC29CE90087DDA6 /* AppHomeViewController.swift */,
				E56DC5182DC29CD30087DDA6 /* ViewController */,
				E56DC5172DC29CCC0087DDA6 /* View */,
				E56DC5162DC29CC30087DDA6 /* Model */,
				E5B4FFA02DC4C62100012BB0 /* Factory */,
				E5B4FF9F2DC4C61200012BB0 /* CollectionViewLayout */,
				E56DC5292DC2BBFA0087DDA6 /* Type */,
			);
			path = Home;
			sourceTree = "<group>";
		};
		E56DC5162DC29CC30087DDA6 /* Model */ = {
			isa = PBXGroup;
			children = (
				E56DC51D2DC29D100087DDA6 /* HomeModel.swift */,
			);
			path = Model;
			sourceTree = "<group>";
		};
		E56DC5172DC29CCC0087DDA6 /* View */ = {
			isa = PBXGroup;
			children = (
				E56DC51B2DC29D020087DDA6 /* HomeView.swift */,
				E5B4FFAA2DC503D700012BB0 /* IndicatorView.swift */,
				E5B4FFA72DC4CA2800012BB0 /* SupplementaryView */,
				E56DC52C2DC2C1280087DDA6 /* Cell */,
			);
			path = View;
			sourceTree = "<group>";
		};
		E56DC5182DC29CD30087DDA6 /* ViewController */ = {
			isa = PBXGroup;
			children = (
				E56DC5252DC2A6A60087DDA6 /* HomeViewController.swift */,
			);
			path = ViewController;
			sourceTree = "<group>";
		};
		E56DC5292DC2BBFA0087DDA6 /* Type */ = {
			isa = PBXGroup;
			children = (
				E56DC52A2DC2BC220087DDA6 /* HomeSection.swift */,
			);
			path = Type;
			sourceTree = "<group>";
		};
		E56DC52C2DC2C1280087DDA6 /* Cell */ = {
			isa = PBXGroup;
			children = (
				E56DC52D2DC2C1530087DDA6 /* LiveChannelCell.swift */,
				E56DC5312DC2C7DF0087DDA6 /* TodayTop20Cell.swift */,
				E56DC52F2DC2C47A0087DDA6 /* ImageCollectionViewCell.swift */,
			);
			path = Cell;
			sourceTree = "<group>";
		};
		E5B4FF9F2DC4C61200012BB0 /* CollectionViewLayout */ = {
			isa = PBXGroup;
			children = (
				E5B4FFA12DC4C65F00012BB0 /* HomeSectionLayoutProvider.swift */,
			);
			path = CollectionViewLayout;
			sourceTree = "<group>";
		};
		E5B4FFA02DC4C62100012BB0 /* Factory */ = {
			isa = PBXGroup;
			children = (
				E5B4FFA52DC4C6DB00012BB0 /* HomeCellFactory.swift */,
				E5B4FFA32DC4C6C100012BB0 /* SupplementaryViewFactory.swift */,
			);
			path = Factory;
			sourceTree = "<group>";
		};
		E5B4FFA72DC4CA2800012BB0 /* SupplementaryView */ = {
			isa = PBXGroup;
			children = (
				E5BEF2022DC4959A00EACBFD /* SectionHeaderView.swift */,
				E5BEF2042DC495BD00EACBFD /* FooterView.swift */,
			);
			path = SupplementaryView;
			sourceTree = "<group>";
		};
		E5B4FFA82DC4CBBD00012BB0 /* Login */ = {
			isa = PBXGroup;
			children = (
				E5190FD42DB957F400FE7974 /* LoginViewController.swift */,
			);
			path = Login;
			sourceTree = "<group>";
		};
		E5B4FFA92DC4CBD400012BB0 /* SetNickname */ = {
			isa = PBXGroup;
			children = (
				E51910092DB9E84900FE7974 /* SetNickNameViewController.swift */,
			);
			path = SetNickname;
			sourceTree = "<group>";
		};
/* End PBXGroup section */

/* Begin PBXNativeTarget section */
		E53771652DB94F8E00E932D0 /* TVING_Clone */ = {
			isa = PBXNativeTarget;
			buildConfigurationList = E53771792DB94F9000E932D0 /* Build configuration list for PBXNativeTarget "TVING_Clone" */;
			buildPhases = (
				E53771622DB94F8E00E932D0 /* Sources */,
				E53771632DB94F8E00E932D0 /* Frameworks */,
				E53771642DB94F8E00E932D0 /* Resources */,
				E56DC4972DBB5B600087DDA6 /* Swift Lint */,
			);
			buildRules = (
			);
			dependencies = (
			);
			name = TVING_Clone;
			packageProductDependencies = (
				E5190FB62DB9572200FE7974 /* SnapKit */,
				E5190FFC2DB973DF00FE7974 /* Then */,
			);
			productName = TVING_Clone;
			productReference = E53771662DB94F8E00E932D0 /* TVING_Clone.app */;
			productType = "com.apple.product-type.application";
		};
/* End PBXNativeTarget section */

/* Begin PBXProject section */
		E537715E2DB94F8E00E932D0 /* Project object */ = {
			isa = PBXProject;
			attributes = {
				BuildIndependentTargetsInParallel = 1;
				LastSwiftUpdateCheck = 1630;
				LastUpgradeCheck = 1630;
				TargetAttributes = {
					E53771652DB94F8E00E932D0 = {
						CreatedOnToolsVersion = 16.3;
					};
				};
			};
			buildConfigurationList = E53771612DB94F8E00E932D0 /* Build configuration list for PBXProject "TVING_Clone" */;
			developmentRegion = en;
			hasScannedForEncodings = 0;
			knownRegions = (
				en,
				Base,
			);
			mainGroup = E537715D2DB94F8E00E932D0;
			minimizedProjectReferenceProxies = 1;
			packageReferences = (
				E5190FB52DB9572200FE7974 /* XCRemoteSwiftPackageReference "SnapKit" */,
				E5190FFB2DB973DF00FE7974 /* XCRemoteSwiftPackageReference "Then" */,
			);
			preferredProjectObjectVersion = 77;
			productRefGroup = E53771672DB94F8E00E932D0 /* Products */;
			projectDirPath = "";
			projectRoot = "";
			targets = (
				E53771652DB94F8E00E932D0 /* TVING_Clone */,
			);
		};
/* End PBXProject section */

/* Begin PBXResourcesBuildPhase section */
		E53771642DB94F8E00E932D0 /* Resources */ = {
			isa = PBXResourcesBuildPhase;
			buildActionMask = 2147483647;
			files = (
				E519102B2DBA3F2400FE7974 /* Pretendard-ExtraLight.otf in Resources */,
				E5190FD62DB957F400FE7974 /* LaunchScreen.storyboard in Resources */,
				E51910272DBA3F1A00FE7974 /* Pretendard-Bold.otf in Resources */,
				E519102F2DBA3F2C00FE7974 /* Pretendard-Medium.otf in Resources */,
				E51910292DBA3F1E00FE7974 /* Pretendard-ExtraBold.otf in Resources */,
				E519102D2DBA3F2800FE7974 /* Pretendard-Light.otf in Resources */,
				E51910252DBA3F1400FE7974 /* Pretendard-Black.otf in Resources */,
				E5190FD72DB957F400FE7974 /* Assets.xcassets in Resources */,
				E56DC4992DBB5C150087DDA6 /* .swiftlint.yml in Resources */,
			);
			runOnlyForDeploymentPostprocessing = 0;
		};
/* End PBXResourcesBuildPhase section */

/* Begin PBXShellScriptBuildPhase section */
		E56DC4972DBB5B600087DDA6 /* Swift Lint */ = {
			isa = PBXShellScriptBuildPhase;
			alwaysOutOfDate = 1;
			buildActionMask = 2147483647;
			files = (
			);
			inputFileListPaths = (
			);
			inputPaths = (
			);
			name = "Swift Lint";
			outputFileListPaths = (
			);
			outputPaths = (
			);
			runOnlyForDeploymentPostprocessing = 0;
			shellPath = /bin/sh;
			shellScript = "# Type a script or drag a script file from your workspace to insert its path.\nif [[ \"$(uname -m)\" == arm64 ]]; then\n    export PATH=\"/opt/homebrew/bin:$PATH\"\nfi\n \nif which swiftlint > /dev/null; then\n  swiftlint\nelse\n  echo \"warning: SwiftLint not installed, download from https://github.com/realm/SwiftLint\"\nfi\n";
		};
/* End PBXShellScriptBuildPhase section */

/* Begin PBXSourcesBuildPhase section */
		E53771622DB94F8E00E932D0 /* Sources */ = {
			isa = PBXSourcesBuildPhase;
			buildActionMask = 2147483647;
			files = (
				E51910032DB9DF9400FE7974 /* ValidationType.swift in Sources */,
				E51910082DB9E62F00FE7974 /* WelcomeViewController.swift in Sources */,
				E56DC51A2DC29CE90087DDA6 /* AppHomeViewController.swift in Sources */,
				E56DC52E2DC2C1530087DDA6 /* LiveChannelCell.swift in Sources */,
				E56DC5342DC2D2890087DDA6 /* UICollectionView+.swift in Sources */,
				E5190FEF2DB960EB00FE7974 /* TextButton.swift in Sources */,
				E5190FFF2DB9CA7600FE7974 /* ImageLiterals.swift in Sources */,
				E5190FF22DB9635200FE7974 /* AppButtonProtocol.swift in Sources */,
				E5B4FFA22DC4C65F00012BB0 /* HomeSectionLayoutProvider.swift in Sources */,
				E519100A2DB9E84900FE7974 /* SetNickNameViewController.swift in Sources */,
				E5190FED2DB95D8F00FE7974 /* BoxButton.swift in Sources */,
				E56DC5202DC29D480087DDA6 /* UIView+.swift in Sources */,
				E5BEF2032DC4959A00EACBFD /* SectionHeaderView.swift in Sources */,
				E5B4FFA42DC4C6C100012BB0 /* SupplementaryViewFactory.swift in Sources */,
				E56DC5322DC2C7DF0087DDA6 /* TodayTop20Cell.swift in Sources */,
				E56DC5302DC2C47A0087DDA6 /* ImageCollectionViewCell.swift in Sources */,
				E5B4FFA62DC4C6DB00012BB0 /* HomeCellFactory.swift in Sources */,
				E56DC5242DC2A0A20087DDA6 /* CategoryTabBar.swift in Sources */,
				E5190FF82DB96EA600FE7974 /* TextField.swift in Sources */,
				E5190FD92DB957F400FE7974 /* AppDelegate.swift in Sources */,
				E5190FE72DB95A9300FE7974 /* UIColor+.swift in Sources */,
				E51910212DBA3B8B00FE7974 /* UIFont+.swift in Sources */,
				E5B4FFAB2DC503D700012BB0 /* IndicatorView.swift in Sources */,
				E5190FF42DB9663A00FE7974 /* BaseUIViewController.swift in Sources */,
				E56DC5222DC29D690087DDA6 /* BaseUIView.swift in Sources */,
				E5BEF2052DC495BD00EACBFD /* FooterView.swift in Sources */,
				E56DC51C2DC29D020087DDA6 /* HomeView.swift in Sources */,
				E5190FF62DB96B5100FE7974 /* HorizontalStackView.swift in Sources */,
				E554C9762DD0FDE1002CF37B /* MovieListDTO.swift in Sources */,
				E51910012DB9D1C200FE7974 /* UIViewController+.swift in Sources */,
				E5190FDA2DB957F400FE7974 /* SceneDelegate.swift in Sources */,
				E56DC5262DC2A6A60087DDA6 /* HomeViewController.swift in Sources */,
				E56DC51E2DC29D100087DDA6 /* HomeModel.swift in Sources */,
				E5190FDB2DB957F400FE7974 /* LoginViewController.swift in Sources */,
				E56DC52B2DC2BC220087DDA6 /* HomeSection.swift in Sources */,
				E5190FFA2DB96EE900FE7974 /* UITextField+.swift in Sources */,
				E554C97A2DD0FF26002CF37B /* NetworkError.swift in Sources */,
				E554C9782DD0FDEF002CF37B /* MovieListService.swift in Sources */,
				E51910062DB9DFF100FE7974 /* AppTextFieldProtocol.swift in Sources */,
			);
			runOnlyForDeploymentPostprocessing = 0;
		};
/* End PBXSourcesBuildPhase section */

/* Begin PBXVariantGroup section */
		E5190FCF2DB957F400FE7974 /* LaunchScreen.storyboard */ = {
			isa = PBXVariantGroup;
			children = (
				E5190FCE2DB957F400FE7974 /* Base */,
			);
			name = LaunchScreen.storyboard;
			sourceTree = "<group>";
		};
/* End PBXVariantGroup section */

/* Begin XCBuildConfiguration section */
		E537717A2DB94F9000E932D0 /* Debug */ = {
			isa = XCBuildConfiguration;
			buildSettings = {
				ASSETCATALOG_COMPILER_APPICON_NAME = AppIcon;
				ASSETCATALOG_COMPILER_GLOBAL_ACCENT_COLOR_NAME = AccentColor;
				CODE_SIGN_STYLE = Automatic;
				CURRENT_PROJECT_VERSION = 1;
				ENABLE_USER_SCRIPT_SANDBOXING = NO;
				GENERATE_INFOPLIST_FILE = YES;
				INFOPLIST_FILE = TVING_Clone/Info.plist;
				INFOPLIST_KEY_UIApplicationSupportsIndirectInputEvents = YES;
				INFOPLIST_KEY_UILaunchStoryboardName = LaunchScreen;
				INFOPLIST_KEY_UISupportedInterfaceOrientations_iPad = "UIInterfaceOrientationPortrait UIInterfaceOrientationPortraitUpsideDown UIInterfaceOrientationLandscapeLeft UIInterfaceOrientationLandscapeRight";
				INFOPLIST_KEY_UISupportedInterfaceOrientations_iPhone = "UIInterfaceOrientationPortrait UIInterfaceOrientationLandscapeLeft UIInterfaceOrientationLandscapeRight";
				LD_RUNPATH_SEARCH_PATHS = (
					"$(inherited)",
					"@executable_path/Frameworks",
				);
				MARKETING_VERSION = 1.0;
				PRODUCT_BUNDLE_IDENTIFIER = "Rx.TVING-Clone";
				PRODUCT_NAME = "$(TARGET_NAME)";
				SWIFT_EMIT_LOC_STRINGS = YES;
				SWIFT_VERSION = 5.0;
				TARGETED_DEVICE_FAMILY = "1,2";
			};
			name = Debug;
		};
		E537717B2DB94F9000E932D0 /* Release */ = {
			isa = XCBuildConfiguration;
			buildSettings = {
				ASSETCATALOG_COMPILER_APPICON_NAME = AppIcon;
				ASSETCATALOG_COMPILER_GLOBAL_ACCENT_COLOR_NAME = AccentColor;
				CODE_SIGN_STYLE = Automatic;
				CURRENT_PROJECT_VERSION = 1;
				ENABLE_USER_SCRIPT_SANDBOXING = NO;
				GENERATE_INFOPLIST_FILE = YES;
				INFOPLIST_FILE = TVING_Clone/Info.plist;
				INFOPLIST_KEY_UIApplicationSupportsIndirectInputEvents = YES;
				INFOPLIST_KEY_UILaunchStoryboardName = LaunchScreen;
				INFOPLIST_KEY_UISupportedInterfaceOrientations_iPad = "UIInterfaceOrientationPortrait UIInterfaceOrientationPortraitUpsideDown UIInterfaceOrientationLandscapeLeft UIInterfaceOrientationLandscapeRight";
				INFOPLIST_KEY_UISupportedInterfaceOrientations_iPhone = "UIInterfaceOrientationPortrait UIInterfaceOrientationLandscapeLeft UIInterfaceOrientationLandscapeRight";
				LD_RUNPATH_SEARCH_PATHS = (
					"$(inherited)",
					"@executable_path/Frameworks",
				);
				MARKETING_VERSION = 1.0;
				PRODUCT_BUNDLE_IDENTIFIER = "Rx.TVING-Clone";
				PRODUCT_NAME = "$(TARGET_NAME)";
				SWIFT_EMIT_LOC_STRINGS = YES;
				SWIFT_VERSION = 5.0;
				TARGETED_DEVICE_FAMILY = "1,2";
			};
			name = Release;
		};
		E537717C2DB94F9000E932D0 /* Debug */ = {
			isa = XCBuildConfiguration;
			buildSettings = {
				ALWAYS_SEARCH_USER_PATHS = NO;
				ASSETCATALOG_COMPILER_GENERATE_SWIFT_ASSET_SYMBOL_EXTENSIONS = YES;
				CLANG_ANALYZER_NONNULL = YES;
				CLANG_ANALYZER_NUMBER_OBJECT_CONVERSION = YES_AGGRESSIVE;
				CLANG_CXX_LANGUAGE_STANDARD = "gnu++20";
				CLANG_ENABLE_MODULES = YES;
				CLANG_ENABLE_OBJC_ARC = YES;
				CLANG_ENABLE_OBJC_WEAK = YES;
				CLANG_WARN_BLOCK_CAPTURE_AUTORELEASING = YES;
				CLANG_WARN_BOOL_CONVERSION = YES;
				CLANG_WARN_COMMA = YES;
				CLANG_WARN_CONSTANT_CONVERSION = YES;
				CLANG_WARN_DEPRECATED_OBJC_IMPLEMENTATIONS = YES;
				CLANG_WARN_DIRECT_OBJC_ISA_USAGE = YES_ERROR;
				CLANG_WARN_DOCUMENTATION_COMMENTS = YES;
				CLANG_WARN_EMPTY_BODY = YES;
				CLANG_WARN_ENUM_CONVERSION = YES;
				CLANG_WARN_INFINITE_RECURSION = YES;
				CLANG_WARN_INT_CONVERSION = YES;
				CLANG_WARN_NON_LITERAL_NULL_CONVERSION = YES;
				CLANG_WARN_OBJC_IMPLICIT_RETAIN_SELF = YES;
				CLANG_WARN_OBJC_LITERAL_CONVERSION = YES;
				CLANG_WARN_OBJC_ROOT_CLASS = YES_ERROR;
				CLANG_WARN_QUOTED_INCLUDE_IN_FRAMEWORK_HEADER = YES;
				CLANG_WARN_RANGE_LOOP_ANALYSIS = YES;
				CLANG_WARN_STRICT_PROTOTYPES = YES;
				CLANG_WARN_SUSPICIOUS_MOVE = YES;
				CLANG_WARN_UNGUARDED_AVAILABILITY = YES_AGGRESSIVE;
				CLANG_WARN_UNREACHABLE_CODE = YES;
				CLANG_WARN__DUPLICATE_METHOD_MATCH = YES;
				COPY_PHASE_STRIP = NO;
				DEBUG_INFORMATION_FORMAT = dwarf;
				ENABLE_STRICT_OBJC_MSGSEND = YES;
				ENABLE_TESTABILITY = YES;
				ENABLE_USER_SCRIPT_SANDBOXING = YES;
				GCC_C_LANGUAGE_STANDARD = gnu17;
				GCC_DYNAMIC_NO_PIC = NO;
				GCC_NO_COMMON_BLOCKS = YES;
				GCC_OPTIMIZATION_LEVEL = 0;
				GCC_PREPROCESSOR_DEFINITIONS = (
					"DEBUG=1",
					"$(inherited)",
				);
				GCC_WARN_64_TO_32_BIT_CONVERSION = YES;
				GCC_WARN_ABOUT_RETURN_TYPE = YES_ERROR;
				GCC_WARN_UNDECLARED_SELECTOR = YES;
				GCC_WARN_UNINITIALIZED_AUTOS = YES_AGGRESSIVE;
				GCC_WARN_UNUSED_FUNCTION = YES;
				GCC_WARN_UNUSED_VARIABLE = YES;
				IPHONEOS_DEPLOYMENT_TARGET = 18.4;
				LOCALIZATION_PREFERS_STRING_CATALOGS = YES;
				MTL_ENABLE_DEBUG_INFO = INCLUDE_SOURCE;
				MTL_FAST_MATH = YES;
				ONLY_ACTIVE_ARCH = YES;
				SDKROOT = iphoneos;
				SWIFT_ACTIVE_COMPILATION_CONDITIONS = "DEBUG $(inherited)";
				SWIFT_OPTIMIZATION_LEVEL = "-Onone";
			};
			name = Debug;
		};
		E537717D2DB94F9000E932D0 /* Release */ = {
			isa = XCBuildConfiguration;
			buildSettings = {
				ALWAYS_SEARCH_USER_PATHS = NO;
				ASSETCATALOG_COMPILER_GENERATE_SWIFT_ASSET_SYMBOL_EXTENSIONS = YES;
				CLANG_ANALYZER_NONNULL = YES;
				CLANG_ANALYZER_NUMBER_OBJECT_CONVERSION = YES_AGGRESSIVE;
				CLANG_CXX_LANGUAGE_STANDARD = "gnu++20";
				CLANG_ENABLE_MODULES = YES;
				CLANG_ENABLE_OBJC_ARC = YES;
				CLANG_ENABLE_OBJC_WEAK = YES;
				CLANG_WARN_BLOCK_CAPTURE_AUTORELEASING = YES;
				CLANG_WARN_BOOL_CONVERSION = YES;
				CLANG_WARN_COMMA = YES;
				CLANG_WARN_CONSTANT_CONVERSION = YES;
				CLANG_WARN_DEPRECATED_OBJC_IMPLEMENTATIONS = YES;
				CLANG_WARN_DIRECT_OBJC_ISA_USAGE = YES_ERROR;
				CLANG_WARN_DOCUMENTATION_COMMENTS = YES;
				CLANG_WARN_EMPTY_BODY = YES;
				CLANG_WARN_ENUM_CONVERSION = YES;
				CLANG_WARN_INFINITE_RECURSION = YES;
				CLANG_WARN_INT_CONVERSION = YES;
				CLANG_WARN_NON_LITERAL_NULL_CONVERSION = YES;
				CLANG_WARN_OBJC_IMPLICIT_RETAIN_SELF = YES;
				CLANG_WARN_OBJC_LITERAL_CONVERSION = YES;
				CLANG_WARN_OBJC_ROOT_CLASS = YES_ERROR;
				CLANG_WARN_QUOTED_INCLUDE_IN_FRAMEWORK_HEADER = YES;
				CLANG_WARN_RANGE_LOOP_ANALYSIS = YES;
				CLANG_WARN_STRICT_PROTOTYPES = YES;
				CLANG_WARN_SUSPICIOUS_MOVE = YES;
				CLANG_WARN_UNGUARDED_AVAILABILITY = YES_AGGRESSIVE;
				CLANG_WARN_UNREACHABLE_CODE = YES;
				CLANG_WARN__DUPLICATE_METHOD_MATCH = YES;
				COPY_PHASE_STRIP = NO;
				DEBUG_INFORMATION_FORMAT = "dwarf-with-dsym";
				ENABLE_NS_ASSERTIONS = NO;
				ENABLE_STRICT_OBJC_MSGSEND = YES;
				ENABLE_USER_SCRIPT_SANDBOXING = YES;
				GCC_C_LANGUAGE_STANDARD = gnu17;
				GCC_NO_COMMON_BLOCKS = YES;
				GCC_WARN_64_TO_32_BIT_CONVERSION = YES;
				GCC_WARN_ABOUT_RETURN_TYPE = YES_ERROR;
				GCC_WARN_UNDECLARED_SELECTOR = YES;
				GCC_WARN_UNINITIALIZED_AUTOS = YES_AGGRESSIVE;
				GCC_WARN_UNUSED_FUNCTION = YES;
				GCC_WARN_UNUSED_VARIABLE = YES;
				IPHONEOS_DEPLOYMENT_TARGET = 18.4;
				LOCALIZATION_PREFERS_STRING_CATALOGS = YES;
				MTL_ENABLE_DEBUG_INFO = NO;
				MTL_FAST_MATH = YES;
				SDKROOT = iphoneos;
				SWIFT_COMPILATION_MODE = wholemodule;
				VALIDATE_PRODUCT = YES;
			};
			name = Release;
		};
/* End XCBuildConfiguration section */

/* Begin XCConfigurationList section */
		E53771612DB94F8E00E932D0 /* Build configuration list for PBXProject "TVING_Clone" */ = {
			isa = XCConfigurationList;
			buildConfigurations = (
				E537717C2DB94F9000E932D0 /* Debug */,
				E537717D2DB94F9000E932D0 /* Release */,
			);
			defaultConfigurationIsVisible = 0;
			defaultConfigurationName = Release;
		};
		E53771792DB94F9000E932D0 /* Build configuration list for PBXNativeTarget "TVING_Clone" */ = {
			isa = XCConfigurationList;
			buildConfigurations = (
				E537717A2DB94F9000E932D0 /* Debug */,
				E537717B2DB94F9000E932D0 /* Release */,
			);
			defaultConfigurationIsVisible = 0;
			defaultConfigurationName = Release;
		};
/* End XCConfigurationList section */

/* Begin XCRemoteSwiftPackageReference section */
		E5190FB52DB9572200FE7974 /* XCRemoteSwiftPackageReference "SnapKit" */ = {
			isa = XCRemoteSwiftPackageReference;
			repositoryURL = "https://github.com/SnapKit/SnapKit";
			requirement = {
				kind = upToNextMajorVersion;
				minimumVersion = 5.7.1;
			};
		};
		E5190FFB2DB973DF00FE7974 /* XCRemoteSwiftPackageReference "Then" */ = {
			isa = XCRemoteSwiftPackageReference;
			repositoryURL = "https://github.com/devxoul/Then";
			requirement = {
				kind = upToNextMajorVersion;
				minimumVersion = 3.0.0;
			};
		};
/* End XCRemoteSwiftPackageReference section */

/* Begin XCSwiftPackageProductDependency section */
		E5190FB62DB9572200FE7974 /* SnapKit */ = {
			isa = XCSwiftPackageProductDependency;
			package = E5190FB52DB9572200FE7974 /* XCRemoteSwiftPackageReference "SnapKit" */;
			productName = SnapKit;
		};
		E5190FFC2DB973DF00FE7974 /* Then */ = {
			isa = XCSwiftPackageProductDependency;
			package = E5190FFB2DB973DF00FE7974 /* XCRemoteSwiftPackageReference "Then" */;
			productName = Then;
		};
/* End XCSwiftPackageProductDependency section */
	};
	rootObject = E537715E2DB94F8E00E932D0 /* Project object */;
}
